
Microsoft Visual Studio Solution File, Format Version 12.00
# Visual Studio 15
VisualStudioVersion = 15.0.28307.489
MinimumVisualStudioVersion = 10.0.40219.1
Project("{9A19103F-16F7-4668-BE54-9A1E7A4F7556}") = "tillsMicroservice", "tillsMicroservice.csproj", "{735A15EB-BEB5-4595-A48E-3C95484B9ABB}"
EndProject
Project("{9A19103F-16F7-4668-BE54-9A1E7A4F7556}") = "tillsMicroserviceTests", "..\tillsMicroserviceTests\tillsMicroserviceTests.csproj", "{3FBD4F5F-B0D3-4F2B-B2FB-8CA5FD947252}"
EndProject
Global
	GlobalSection(SolutionConfigurationPlatforms) = preSolution
		Debug|Any CPU = Debug|Any CPU
		Release|Any CPU = Release|Any CPU
	EndGlobalSection
	GlobalSection(ProjectConfigurationPlatforms) = postSolution
		{735A15EB-BEB5-4595-A48E-3C95484B9ABB}.Debug|Any CPU.ActiveCfg = Debug|Any CPU
		{735A15EB-BEB5-4595-A48E-3C95484B9ABB}.Debug|Any CPU.Build.0 = Debug|Any CPU
		{735A15EB-BEB5-4595-A48E-3C95484B9ABB}.Release|Any CPU.ActiveCfg = Release|Any CPU
		{735A15EB-BEB5-4595-A48E-3C95484B9ABB}.Release|Any CPU.Build.0 = Release|Any CPU
		{3FBD4F5F-B0D3-4F2B-B2FB-8CA5FD947252}.Debug|Any CPU.ActiveCfg = Debug|Any CPU
		{3FBD4F5F-B0D3-4F2B-B2FB-8CA5FD947252}.Debug|Any CPU.Build.0 = Debug|Any CPU
		{3FBD4F5F-B0D3-4F2B-B2FB-8CA5FD947252}.Release|Any CPU.ActiveCfg = Release|Any CPU
		{3FBD4F5F-B0D3-4F2B-B2FB-8CA5FD947252}.Release|Any CPU.Build.0 = Release|Any CPU
	EndGlobalSection
	GlobalSection(SolutionProperties) = preSolution
		HideSolutionNode = FALSE
	EndGlobalSection
	GlobalSection(ExtensibilityGlobals) = postSolution
		SolutionGuid = {2BDC5D1C-CEAA-45CD-A6CD-FED58670A5D6}
	EndGlobalSection
EndGlobal
